// !$*UTF8*$!
{
	archiveVersion = 1;
	classes = {
	};
	objectVersion = 46;
	objects = {

/* Begin PBXBuildFile section */
		98CED4271F3802390089052F /* AppDelegate.swift in Sources */ = {isa = PBXBuildFile; fileRef = 98CED4261F3802390089052F /* AppDelegate.swift */; };
		98CED4291F3802390089052F /* ViewController.swift in Sources */ = {isa = PBXBuildFile; fileRef = 98CED4281F3802390089052F /* ViewController.swift */; };
		98CED42C1F3802390089052F /* Main.storyboard in Resources */ = {isa = PBXBuildFile; fileRef = 98CED42A1F3802390089052F /* Main.storyboard */; };
		98CED42E1F3802390089052F /* Assets.xcassets in Resources */ = {isa = PBXBuildFile; fileRef = 98CED42D1F3802390089052F /* Assets.xcassets */; };
		98CED4311F3802390089052F /* LaunchScreen.storyboard in Resources */ = {isa = PBXBuildFile; fileRef = 98CED42F1F3802390089052F /* LaunchScreen.storyboard */; };
		98CED4471F3804A40089052F /* CalculatorTests.swift in Sources */ = {isa = PBXBuildFile; fileRef = 98CED4461F3804A40089052F /* CalculatorTests.swift */; };
		98CED4491F38071C0089052F /* Calculator.swift in Sources */ = {isa = PBXBuildFile; fileRef = 98CED4481F38071C0089052F /* Calculator.swift */; };
		98CED44B1F380C570089052F /* JSONHelperTests.swift in Sources */ = {isa = PBXBuildFile; fileRef = 98CED44A1F380C570089052F /* JSONHelperTests.swift */; };
		98CED44D1F380E040089052F /* JSONHelper.swift in Sources */ = {isa = PBXBuildFile; fileRef = 98CED44C1F380E040089052F /* JSONHelper.swift */; };
		98CED4501F38152F0089052F /* Demo.json in Resources */ = {isa = PBXBuildFile; fileRef = 98CED44F1F38152F0089052F /* Demo.json */; };
/* End PBXBuildFile section */

/* Begin PBXContainerItemProxy section */
		98CED4411F38034C0089052F /* PBXContainerItemProxy */ = {
			isa = PBXContainerItemProxy;
			containerPortal = 98CED41B1F3802390089052F /* Project object */;
			proxyType = 1;
			remoteGlobalIDString = 98CED4221F3802390089052F;
			remoteInfo = UnitTestDemo;
		};
/* End PBXContainerItemProxy section */

/* Begin PBXFileReference section */
		98CED4231F3802390089052F /* UnitTestDemo.app */ = {isa = PBXFileReference; explicitFileType = wrapper.application; includeInIndex = 0; path = UnitTestDemo.app; sourceTree = BUILT_PRODUCTS_DIR; };
		98CED4261F3802390089052F /* AppDelegate.swift */ = {isa = PBXFileReference; lastKnownFileType = sourcecode.swift; path = AppDelegate.swift; sourceTree = "<group>"; };
		98CED4281F3802390089052F /* ViewController.swift */ = {isa = PBXFileReference; lastKnownFileType = sourcecode.swift; path = ViewController.swift; sourceTree = "<group>"; };
		98CED42B1F3802390089052F /* Base */ = {isa = PBXFileReference; lastKnownFileType = file.storyboard; name = Base; path = Base.lproj/Main.storyboard; sourceTree = "<group>"; };
		98CED42D1F3802390089052F /* Assets.xcassets */ = {isa = PBXFileReference; lastKnownFileType = folder.assetcatalog; path = Assets.xcassets; sourceTree = "<group>"; };
		98CED4301F3802390089052F /* Base */ = {isa = PBXFileReference; lastKnownFileType = file.storyboard; name = Base; path = Base.lproj/LaunchScreen.storyboard; sourceTree = "<group>"; };
		98CED4321F3802390089052F /* Info.plist */ = {isa = PBXFileReference; lastKnownFileType = text.plist.xml; path = Info.plist; sourceTree = "<group>"; };
		98CED43C1F38034C0089052F /* UnitTestDemoTests.xctest */ = {isa = PBXFileReference; explicitFileType = wrapper.cfbundle; includeInIndex = 0; path = UnitTestDemoTests.xctest; sourceTree = BUILT_PRODUCTS_DIR; };
		98CED4401F38034C0089052F /* Info.plist */ = {isa = PBXFileReference; lastKnownFileType = text.plist.xml; path = Info.plist; sourceTree = "<group>"; };
		98CED4461F3804A40089052F /* CalculatorTests.swift */ = {isa = PBXFileReference; fileEncoding = 4; lastKnownFileType = sourcecode.swift; path = CalculatorTests.swift; sourceTree = "<group>"; };
		98CED4481F38071C0089052F /* Calculator.swift */ = {isa = PBXFileReference; fileEncoding = 4; lastKnownFileType = sourcecode.swift; path = Calculator.swift; sourceTree = "<group>"; };
		98CED44A1F380C570089052F /* JSONHelperTests.swift */ = {isa = PBXFileReference; fileEncoding = 4; lastKnownFileType = sourcecode.swift; path = JSONHelperTests.swift; sourceTree = "<group>"; };
		98CED44C1F380E040089052F /* JSONHelper.swift */ = {isa = PBXFileReference; fileEncoding = 4; lastKnownFileType = sourcecode.swift; path = JSONHelper.swift; sourceTree = "<group>"; };
		98CED44F1F38152F0089052F /* Demo.json */ = {isa = PBXFileReference; fileEncoding = 4; lastKnownFileType = text.json; path = Demo.json; sourceTree = "<group>"; };
/* End PBXFileReference section */

/* Begin PBXFrameworksBuildPhase section */
		98CED4201F3802390089052F /* Frameworks */ = {
			isa = PBXFrameworksBuildPhase;
			buildActionMask = 2147483647;
			files = (
			);
			runOnlyForDeploymentPostprocessing = 0;
		};
		98CED4391F38034C0089052F /* Frameworks */ = {
			isa = PBXFrameworksBuildPhase;
			buildActionMask = 2147483647;
			files = (
			);
			runOnlyForDeploymentPostprocessing = 0;
		};
/* End PBXFrameworksBuildPhase section */

/* Begin PBXGroup section */
		98CED41A1F3802390089052F = {
			isa = PBXGroup;
			children = (
				98CED4251F3802390089052F /* UnitTestDemo */,
				98CED43D1F38034C0089052F /* UnitTestDemoTests */,
				98CED4241F3802390089052F /* Products */,
			);
			sourceTree = "<group>";
		};
		98CED4241F3802390089052F /* Products */ = {
			isa = PBXGroup;
			children = (
				98CED4231F3802390089052F /* UnitTestDemo.app */,
				98CED43C1F38034C0089052F /* UnitTestDemoTests.xctest */,
			);
			name = Products;
			sourceTree = "<group>";
		};
		98CED4251F3802390089052F /* UnitTestDemo */ = {
			isa = PBXGroup;
			children = (
				98CED4261F3802390089052F /* AppDelegate.swift */,
				98CED4281F3802390089052F /* ViewController.swift */,
				98CED4481F38071C0089052F /* Calculator.swift */,
				98CED42A1F3802390089052F /* Main.storyboard */,
				98CED42D1F3802390089052F /* Assets.xcassets */,
				98CED42F1F3802390089052F /* LaunchScreen.storyboard */,
				98CED4321F3802390089052F /* Info.plist */,
				98CED44C1F380E040089052F /* JSONHelper.swift */,
				98CED44F1F38152F0089052F /* Demo.json */,
			);
			path = UnitTestDemo;
			sourceTree = "<group>";
		};
		98CED43D1F38034C0089052F /* UnitTestDemoTests */ = {
			isa = PBXGroup;
			children = (
				98CED4461F3804A40089052F /* CalculatorTests.swift */,
				98CED44A1F380C570089052F /* JSONHelperTests.swift */,
				98CED4401F38034C0089052F /* Info.plist */,
			);
			path = UnitTestDemoTests;
			sourceTree = "<group>";
		};
/* End PBXGroup section */

/* Begin PBXNativeTarget section */
		98CED4221F3802390089052F /* UnitTestDemo */ = {
			isa = PBXNativeTarget;
			buildConfigurationList = 98CED4351F3802390089052F /* Build configuration list for PBXNativeTarget "UnitTestDemo" */;
			buildPhases = (
				98CED41F1F3802390089052F /* Sources */,
				98CED4201F3802390089052F /* Frameworks */,
				98CED4211F3802390089052F /* Resources */,
			);
			buildRules = (
			);
			dependencies = (
			);
			name = UnitTestDemo;
			productName = UnitTestDemo;
			productReference = 98CED4231F3802390089052F /* UnitTestDemo.app */;
			productType = "com.apple.product-type.application";
		};
		98CED43B1F38034C0089052F /* UnitTestDemoTests */ = {
			isa = PBXNativeTarget;
			buildConfigurationList = 98CED4431F38034C0089052F /* Build configuration list for PBXNativeTarget "UnitTestDemoTests" */;
			buildPhases = (
				98CED4381F38034C0089052F /* Sources */,
				98CED4391F38034C0089052F /* Frameworks */,
				98CED43A1F38034C0089052F /* Resources */,
			);
			buildRules = (
			);
			dependencies = (
				98CED4421F38034C0089052F /* PBXTargetDependency */,
			);
			name = UnitTestDemoTests;
			productName = UnitTestDemoTests;
			productReference = 98CED43C1F38034C0089052F /* UnitTestDemoTests.xctest */;
			productType = "com.apple.product-type.bundle.unit-test";
		};
/* End PBXNativeTarget section */

/* Begin PBXProject section */
		98CED41B1F3802390089052F /* Project object */ = {
			isa = PBXProject;
			attributes = {
				LastSwiftUpdateCheck = 0830;
				LastUpgradeCheck = 0830;
				ORGANIZATIONNAME = JordanLin;
				TargetAttributes = {
					98CED4221F3802390089052F = {
						CreatedOnToolsVersion = 8.3.3;
						DevelopmentTeam = MH7SBDD83A;
						ProvisioningStyle = Automatic;
					};
					98CED43B1F38034C0089052F = {
						CreatedOnToolsVersion = 8.3.3;
						DevelopmentTeam = MH7SBDD83A;
						LastSwiftMigration = 0830;
						ProvisioningStyle = Automatic;
						TestTargetID = 98CED4221F3802390089052F;
					};
				};
			};
			buildConfigurationList = 98CED41E1F3802390089052F /* Build configuration list for PBXProject "UnitTestDemo" */;
			compatibilityVersion = "Xcode 3.2";
			developmentRegion = English;
			hasScannedForEncodings = 0;
			knownRegions = (
				en,
				Base,
			);
			mainGroup = 98CED41A1F3802390089052F;
			productRefGroup = 98CED4241F3802390089052F /* Products */;
			projectDirPath = "";
			projectRoot = "";
			targets = (
				98CED4221F3802390089052F /* UnitTestDemo */,
				98CED43B1F38034C0089052F /* UnitTestDemoTests */,
			);
		};
/* End PBXProject section */

/* Begin PBXResourcesBuildPhase section */
		98CED4211F3802390089052F /* Resources */ = {
			isa = PBXResourcesBuildPhase;
			buildActionMask = 2147483647;
			files = (
				98CED4311F3802390089052F /* LaunchScreen.storyboard in Resources */,
				98CED42E1F3802390089052F /* Assets.xcassets in Resources */,
				98CED4501F38152F0089052F /* Demo.json in Resources */,
				98CED42C1F3802390089052F /* Main.storyboard in Resources */,
			);
			runOnlyForDeploymentPostprocessing = 0;
		};
		98CED43A1F38034C0089052F /* Resources */ = {
			isa = PBXResourcesBuildPhase;
			buildActionMask = 2147483647;
			files = (
			);
			runOnlyForDeploymentPostprocessing = 0;
		};
/* End PBXResourcesBuildPhase section */

/* Begin PBXSourcesBuildPhase section */
		98CED41F1F3802390089052F /* Sources */ = {
			isa = PBXSourcesBuildPhase;
			buildActionMask = 2147483647;
			files = (
				98CED4291F3802390089052F /* ViewController.swift in Sources */,
				98CED44D1F380E040089052F /* JSONHelper.swift in Sources */,
				98CED4271F3802390089052F /* AppDelegate.swift in Sources */,
				98CED4491F38071C0089052F /* Calculator.swift in Sources */,
			);
			runOnlyForDeploymentPostprocessing = 0;
		};
		98CED4381F38034C0089052F /* Sources */ = {
			isa = PBXSourcesBuildPhase;
			buildActionMask = 2147483647;
			files = (
				98CED4471F3804A40089052F /* CalculatorTests.swift in Sources */,
				98CED44B1F380C570089052F /* JSONHelperTests.swift in Sources */,
			);
			runOnlyForDeploymentPostprocessing = 0;
		};
/* End PBXSourcesBuildPhase section */

/* Begin PBXTargetDependency section */
		98CED4421F38034C0089052F /* PBXTargetDependency */ = {
			isa = PBXTargetDependency;
			target = 98CED4221F3802390089052F /* UnitTestDemo */;
			targetProxy = 98CED4411F38034C0089052F /* PBXContainerItemProxy */;
		};
/* End PBXTargetDependency section */

/* Begin PBXVariantGroup section */
		98CED42A1F3802390089052F /* Main.storyboard */ = {
			isa = PBXVariantGroup;
			children = (
				98CED42B1F3802390089052F /* Base */,
			);
			name = Main.storyboard;
			sourceTree = "<group>";
		};
		98CED42F1F3802390089052F /* LaunchScreen.storyboard */ = {
			isa = PBXVariantGroup;
			children = (
				98CED4301F3802390089052F /* Base */,
			);
			name = LaunchScreen.storyboard;
			sourceTree = "<group>";
		};
/* End PBXVariantGroup section */

/* Begin XCBuildConfiguration section */
		98CED4331F3802390089052F /* Debug */ = {
			isa = XCBuildConfiguration;
			buildSettings = {
				ALWAYS_SEARCH_USER_PATHS = NO;
				CLANG_ANALYZER_NONNULL = YES;
				CLANG_ANALYZER_NUMBER_OBJECT_CONVERSION = YES_AGGRESSIVE;
				CLANG_CXX_LANGUAGE_STANDARD = "gnu++0x";
				CLANG_CXX_LIBRARY = "libc++";
				CLANG_ENABLE_MODULES = YES;
				CLANG_ENABLE_OBJC_ARC = YES;
				CLANG_WARN_BOOL_CONVERSION = YES;
				CLANG_WARN_CONSTANT_CONVERSION = YES;
				CLANG_WARN_DIRECT_OBJC_ISA_USAGE = YES_ERROR;
				CLANG_WARN_DOCUMENTATION_COMMENTS = YES;
				CLANG_WARN_EMPTY_BODY = YES;
				CLANG_WARN_ENUM_CONVERSION = YES;
				CLANG_WARN_INFINITE_RECURSION = YES;
				CLANG_WARN_INT_CONVERSION = YES;
				CLANG_WARN_OBJC_ROOT_CLASS = YES_ERROR;
				CLANG_WARN_SUSPICIOUS_MOVE = YES;
				CLANG_WARN_UNREACHABLE_CODE = YES;
				CLANG_WARN__DUPLICATE_METHOD_MATCH = YES;
				"CODE_SIGN_IDENTITY[sdk=iphoneos*]" = "iPhone Developer";
				COPY_PHASE_STRIP = NO;
				DEBUG_INFORMATION_FORMAT = dwarf;
				ENABLE_STRICT_OBJC_MSGSEND = YES;
				ENABLE_TESTABILITY = YES;
				GCC_C_LANGUAGE_STANDARD = gnu99;
				GCC_DYNAMIC_NO_PIC = NO;
				GCC_NO_COMMON_BLOCKS = YES;
				GCC_OPTIMIZATION_LEVEL = 0;
				GCC_PREPROCESSOR_DEFINITIONS = (
					"DEBUG=1",
					"$(inherited)",
				);
				GCC_WARN_64_TO_32_BIT_CONVERSION = YES;
				GCC_WARN_ABOUT_RETURN_TYPE = YES_ERROR;
				GCC_WARN_UNDECLARED_SELECTOR = YES;
				GCC_WARN_UNINITIALIZED_AUTOS = YES_AGGRESSIVE;
				GCC_WARN_UNUSED_FUNCTION = YES;
				GCC_WARN_UNUSED_VARIABLE = YES;
				IPHONEOS_DEPLOYMENT_TARGET = 10.3;
				MTL_ENABLE_DEBUG_INFO = YES;
				ONLY_ACTIVE_ARCH = YES;
				SDKROOT = iphoneos;
				SWIFT_ACTIVE_COMPILATION_CONDITIONS = DEBUG;
				SWIFT_OPTIMIZATION_LEVEL = "-Onone";
			};
			name = Debug;
		};
		98CED4341F3802390089052F /* Release */ = {
			isa = XCBuildConfiguration;
			buildSettings = {
				ALWAYS_SEARCH_USER_PATHS = NO;
				CLANG_ANALYZER_NONNULL = YES;
				CLANG_ANALYZER_NUMBER_OBJECT_CONVERSION = YES_AGGRESSIVE;
				CLANG_CXX_LANGUAGE_STANDARD = "gnu++0x";
				CLANG_CXX_LIBRARY = "libc++";
				CLANG_ENABLE_MODULES = YES;
				CLANG_ENABLE_OBJC_ARC = YES;
				CLANG_WARN_BOOL_CONVERSION = YES;
				CLANG_WARN_CONSTANT_CONVERSION = YES;
				CLANG_WARN_DIRECT_OBJC_ISA_USAGE = YES_ERROR;
				CLANG_WARN_DOCUMENTATION_COMMENTS = YES;
				CLANG_WARN_EMPTY_BODY = YES;
				CLANG_WARN_ENUM_CONVERSION = YES;
				CLANG_WARN_INFINITE_RECURSION = YES;
				CLANG_WARN_INT_CONVERSION = YES;
				CLANG_WARN_OBJC_ROOT_CLASS = YES_ERROR;
				CLANG_WARN_SUSPICIOUS_MOVE = YES;
				CLANG_WARN_UNREACHABLE_CODE = YES;
				CLANG_WARN__DUPLICATE_METHOD_MATCH = YES;
				"CODE_SIGN_IDENTITY[sdk=iphoneos*]" = "iPhone Developer";
				COPY_PHASE_STRIP = NO;
				DEBUG_INFORMATION_FORMAT = "dwarf-with-dsym";
				ENABLE_NS_ASSERTIONS = NO;
				ENABLE_STRICT_OBJC_MSGSEND = YES;
				GCC_C_LANGUAGE_STANDARD = gnu99;
				GCC_NO_COMMON_BLOCKS = YES;
				GCC_WARN_64_TO_32_BIT_CONVERSION = YES;
				GCC_WARN_ABOUT_RETURN_TYPE = YES_ERROR;
				GCC_WARN_UNDECLARED_SELECTOR = YES;
				GCC_WARN_UNINITIALIZED_AUTOS = YES_AGGRESSIVE;
				GCC_WARN_UNUSED_FUNCTION = YES;
				GCC_WARN_UNUSED_VARIABLE = YES;
				IPHONEOS_DEPLOYMENT_TARGET = 10.3;
				MTL_ENABLE_DEBUG_INFO = NO;
				SDKROOT = iphoneos;
				SWIFT_OPTIMIZATION_LEVEL = "-Owholemodule";
				VALIDATE_PRODUCT = YES;
			};
			name = Release;
		};
		98CED4361F3802390089052F /* Debug */ = {
			isa = XCBuildConfiguration;
			buildSettings = {
				ASSETCATALOG_COMPILER_APPICON_NAME = AppIcon;
				DEVELOPMENT_TEAM = MH7SBDD83A;
				INFOPLIST_FILE = UnitTestDemo/Info.plist;
				LD_RUNPATH_SEARCH_PATHS = "$(inherited) @executable_path/Frameworks";
				PRODUCT_BUNDLE_IDENTIFIER = JD.com.UnitTestDemo;
				PRODUCT_NAME = "$(TARGET_NAME)";
				SWIFT_VERSION = 3.0;
			};
			name = Debug;
		};
		98CED4371F3802390089052F /* Release */ = {
			isa = XCBuildConfiguration;
			buildSettings = {
				ASSETCATALOG_COMPILER_APPICON_NAME = AppIcon;
				DEVELOPMENT_TEAM = MH7SBDD83A;
				INFOPLIST_FILE = UnitTestDemo/Info.plist;
				LD_RUNPATH_SEARCH_PATHS = "$(inherited) @executable_path/Frameworks";
				PRODUCT_BUNDLE_IDENTIFIER = JD.com.UnitTestDemo;
				PRODUCT_NAME = "$(TARGET_NAME)";
				SWIFT_VERSION = 3.0;
			};
			name = Release;
		};
		98CED4441F38034C0089052F /* Debug */ = {
			isa = XCBuildConfiguration;
			buildSettings = {
				BUNDLE_LOADER = "$(TEST_HOST)";
				CLANG_ENABLE_MODULES = YES;
				DEVELOPMENT_TEAM = MH7SBDD83A;
				INFOPLIST_FILE = UnitTestDemoTests/Info.plist;
				LD_RUNPATH_SEARCH_PATHS = "$(inherited) @executable_path/Frameworks @loader_path/Frameworks";
				PRODUCT_BUNDLE_IDENTIFIER = com.JD.UnitTestDemoTests;
				PRODUCT_NAME = "$(TARGET_NAME)";
				SWIFT_OPTIMIZATION_LEVEL = "-Onone";
				SWIFT_VERSION = 3.0;
				TEST_HOST = "$(BUILT_PRODUCTS_DIR)/UnitTestDemo.app/UnitTestDemo";
			};
			name = Debug;
		};
		98CED4451F38034C0089052F /* Release */ = {
			isa = XCBuildConfiguration;
			buildSettings = {
				BUNDLE_LOADER = "$(TEST_HOST)";
				CLANG_ENABLE_MODULES = YES;
				DEVELOPMENT_TEAM = MH7SBDD83A;
				INFOPLIST_FILE = UnitTestDemoTests/Info.plist;
				LD_RUNPATH_SEARCH_PATHS = "$(inherited) @executable_path/Frameworks @loader_path/Frameworks";
				PRODUCT_BUNDLE_IDENTIFIER = com.JD.UnitTestDemoTests;
				PRODUCT_NAME = "$(TARGET_NAME)";
				SWIFT_VERSION = 3.0;
				TEST_HOST = "$(BUILT_PRODUCTS_DIR)/UnitTestDemo.app/UnitTestDemo";
			};
			name = Release;
		};
/* End XCBuildConfiguration section */

/* Begin XCConfigurationList section */
		98CED41E1F3802390089052F /* Build configuration list for PBXProject "UnitTestDemo" */ = {
			isa = XCConfigurationList;
			buildConfigurations = (
				98CED4331F3802390089052F /* Debug */,
				98CED4341F3802390089052F /* Release */,
			);
			defaultConfigurationIsVisible = 0;
			defaultConfigurationName = Release;
		};
		98CED4351F3802390089052F /* Build configuration list for PBXNativeTarget "UnitTestDemo" */ = {
			isa = XCConfigurationList;
			buildConfigurations = (
				98CED4361F3802390089052F /* Debug */,
				98CED4371F3802390089052F /* Release */,
			);
			defaultConfigurationIsVisible = 0;
		};
		98CED4431F38034C0089052F /* Build configuration list for PBXNativeTarget "UnitTestDemoTests" */ = {
			isa = XCConfigurationList;
			buildConfigurations = (
				98CED4441F38034C0089052F /* Debug */,
				98CED4451F38034C0089052F /* Release */,
			);
			defaultConfigurationIsVisible = 0;
		};
/* End XCConfigurationList section */
	};
	rootObject = 98CED41B1F3802390089052F /* Project object */;
}
